github.com/cloudogu/go-cas/v2 v2.3.0 h1:DImwBtyfcLa8WpJ+bxvzvI+G5V8t/aEFrnoytgiTbic=
github.com/cloudogu/go-cas/v2 v2.3.0/go.mod h1:3OUjLydr2g+EJLYV79WDagRjYogKM/ugOqlutyKmPXo=
github.com/davecgh/go-spew v1.1.1 h1:vj9j/u1bqnvCEfJOwUhtlOARqs3+rkHYY13jYWTU97c=
github.com/davecgh/go-spew v1.1.1/go.mod h1:J7Y8YcW2NihsgmVo/mv3lAwl/skON4iLHjSsI+c5H38=
github.com/golang-jwt/jwt/v5 v5.3.0 h1:pv4AsKCKKZuqlgs5sUmn4x8UlGa0kEVt/puTpKx9vvo=
github.com/golang-jwt/jwt/v5 v5.3.0/go.mod h1:fxCRLWMO43lRc8nhHWY6LGqRcf+1gQWArsqaEUEa5bE=
github.com/golang/glog v1.2.5 h1:DrW6hGnjIhtvhOIiAKT6Psh/Kd/ldepEa81DKeiRJ5I=
github.com/golang/glog v1.2.5/go.mod h1:6AhwSGph0fcJtXVM/PEHPqZlFeoLxhs7/t5UDAwmO+w=
github.com/google/go-cmp v0.6.0 h1:ofyhxvXcZhMsU5ulbFiLKl/XBFqE1GSq7atu8tAmTRI=
github.com/google/go-cmp v0.6.0/go.mod h1:17dUlkBOakJ0+DkrSSNjCkIjxS6bF9zb3elmeNGIjoY=
github.com/gorilla/websocket v1.5.3 h1:saDtZ6Pbx/0u+bgYQ3q96pZgCzfhKXGPqt7kZ72aNNg=
github.com/gorilla/websocket v1.5.3/go.mod h1:YR8l580nyteQvAITg2hZ9XVh4b55+EU/adAjf1fMHhE=
github.com/kr/pretty v0.1.0 h1:L/CwN0zerZDmRFUapSPitk6f+Q3+0za1rQkzVuMiMFI=
github.com/kr/pretty v0.1.0/go.mod h1:dAy3ld7l9f0ibDNOQOHHMYYIIbhfbHSm3C4ZsoJORNo=
github.com/kr/pty v1.1.1/go.mod h1:pFQYn66WHrOpPYNljwOMqo10TkYh1fy3cYio2l3bCsQ=
github.com/kr/text v0.1.0 h1:45sCR5RtlFHMR4UwH9sdQ5TC8v0qDQCHnXt+kaKSTVE=
github.com/kr/text v0.1.0/go.mod h1:4Jbv+DJW3UT/LiOwJeYQe1efqtUx/iVham/4vfdArNI=
github.com/op/go-logging v0.0.0-20160211212156-b2cb9fa56473 h1:J1QZwDXgZ4dJD2s19iqR9+U00OWM2kDzbf1O/fmvCWg=
github.com/op/go-logging v0.0.0-20160211212156-b2cb9fa56473/go.mod h1:HzydrMdWErDVzsI23lYNej1Htcns9BCg93Dk0bBINWk=
github.com/patrickmn/go-cache v2.1.0+incompatible h1:HRMgzkcYKYpi3C8ajMPV8OFXaaRUnok+kx1WdO15EQc=
github.com/patrickmn/go-cache v2.1.0+incompatible/go.mod h1:3Qf8kWWT7OJRJbdiICTKqZju1ZixQ/KpMGzzAfe6+WQ=
github.com/pkg/errors v0.9.1 h1:FEBLx1zS214owpjy7qsBeixbURkuhQAwrK5UwLGTwt4=
github.com/pkg/errors v0.9.1/go.mod h1:bwawxfHBFNV+L2hUp1rHADufV3IMtnDRdf1r5NINEl0=
github.com/pmezard/go-difflib v1.0.0 h1:4DBwDE0NGyQoBHbLQYPwSUPoCMWR5BEzIk/f1lZbAQM=
github.com/pmezard/go-difflib v1.0.0/go.mod h1:iKH77koFhYxTK1pcRnkKkqfTogsbg7gZNVY4sRDYZ/4=
github.com/stretchr/objx v0.5.2 h1:xuMeJ0Sdp5ZMRXx/aWO6RZxdr3beISkG5/G/aIRr3pY=
github.com/stretchr/objx v0.5.2/go.mod h1:FRsXN1f5AsAjCGJKqEizvkpNtU+EGNCLh3NxZ/8L+MA=
github.com/stretchr/testify v1.10.0 h1:Xv5erBjTwe/5IxqUQTdXv5kgmIvbHo3QQyRwhJsOfJA=
github.com/stretchr/testify v1.10.0/go.mod h1:r2ic/lqez/lEtzL7wO/rwa5dbSLXVDPFyf8C91i36aY=
github.com/vulcand/oxy/v2 v2.0.3 h1:CPWVPfW4hVZXzwwiQzpFidbnJKpahjPHezM+7TkZRNw=
github.com/vulcand/oxy/v2 v2.0.3/go.mod h1:k3t+xjyqmXVh88FdFDbYmUKMEvNpaejvBW14es6H70A=
golang.org/x/net v0.37.0 h1:1zLorHbz+LYj7MQlSf1+2tPIIgibq2eL5xkrGk6f+2c=
golang.org/x/net v0.37.0/go.mod h1:ivrbrMbzFq5J41QOQh0siUuly180yBYtLp+CKbEaFx8=
golang.org/x/time v0.5.0 h1:o7cqy6amK/52YcAKIPlM3a+Fpj35zvRj2TP+e1xFSfk=
golang.org/x/time v0.5.0/go.mod h1:3BpzKBy/shNhVucY/MWOyx10tF3SFh9QdLuxbVysPQM=
gopkg.in/cas.v1 v1.2.0 h1:sR1lNZF3aRI325Q3uA3TIoypRxKImymyQ6XNutWlPwc=
gopkg.in/cas.v1 v1.2.0/go.mod h1:kEBZNvkg5S58rEx0SI3/iYF6xhUMiuilIEonrelDmOs=
gopkg.in/check.v1 v0.0.0-20161208181325-20d25e280405/go.mod h1:Co6ibVJAznAaIkqp8huTwlJQCZ016jof/cbN4VW5Yz0=
gopkg.in/check.v1 v1.0.0-20180628173108-788fd7840127 h1:qIbj1fsPNlZgppZ+VLlY7N33q108Sa+fhmuc+sWQYwY=
gopkg.in/check.v1 v1.0.0-20180628173108-788fd7840127/go.mod h1:Co6ibVJAznAaIkqp8huTwlJQCZ016jof/cbN4VW5Yz0=
gopkg.in/yaml.v2 v2.4.0 h1:D8xgwECY7CYvx+Y2n4sBz93Jn9JRvxdiyyo8CTfuKaY=
gopkg.in/yaml.v2 v2.4.0/go.mod h1:RDklbk79AGWmwhnvt/jBztapEOGDOx6ZbXqjP6csGnQ=
gopkg.in/yaml.v3 v3.0.1 h1:fxVm/GzAzEWqLHuvctI91KS9hhNmmWOoWu0XTYJS7CA=
gopkg.in/yaml.v3 v3.0.1/go.mod h1:K4uyk7z7BCEPqu6E+C64Yfv1cQ7kz7rIZviUmN+EgEM=
